
Microsoft Visual Studio Solution File, Format Version 12.00
# Visual Studio Version 17
VisualStudioVersion = 17.0.31903.59
MinimumVisualStudioVersion = 10.0.40219.1
Project("{FAE04EC0-301F-11D3-BF4B-00C04F79EFBC}") = "MDispenser.API", "MDispenser.API\MDispenser.API.csproj", "{0DE60AA4-D6DB-4F7B-B3E4-852BB5DB51D2}"
EndProject
Project("{FAE04EC0-301F-11D3-BF4B-00C04F79EFBC}") = "MDispenser.Application", "MDispenser.Application\MDispenser.Application.csproj", "{74F955B6-7D25-4A4F-B834-D5168F1B69F7}"
EndProject
Project("{FAE04EC0-301F-11D3-BF4B-00C04F79EFBC}") = "MDispenser.Domain", "MDispenser.Domain\MDispenser.Domain.csproj", "{B954529C-2C5B-489E-9F7E-C54C5B891CB2}"
EndProject
Project("{FAE04EC0-301F-11D3-BF4B-00C04F79EFBC}") = "MDispenser.Infrastructure", "MDispenser.Infrastructure\MDispenser.Infrastructure.csproj", "{6C7ED970-CD0E-4633-9BD9-004FE28F1B37}"
EndProject
Project("{FAE04EC0-301F-11D3-BF4B-00C04F79EFBC}") = "MDispenser.Shared", "MDispenser.Shared\MDispenser.Shared.csproj", "{BC9CC065-46C6-4F6B-ABBE-05EA2F463895}"
EndProject
Global
	GlobalSection(SolutionConfigurationPlatforms) = preSolution
		Debug|Any CPU = Debug|Any CPU
		Debug|x64 = Debug|x64
		Debug|x86 = Debug|x86
		Release|Any CPU = Release|Any CPU
		Release|x64 = Release|x64
		Release|x86 = Release|x86
	EndGlobalSection
	GlobalSection(ProjectConfigurationPlatforms) = postSolution
		{0DE60AA4-D6DB-4F7B-B3E4-852BB5DB51D2}.Debug|Any CPU.ActiveCfg = Debug|Any CPU
		{0DE60AA4-D6DB-4F7B-B3E4-852BB5DB51D2}.Debug|Any CPU.Build.0 = Debug|Any CPU
		{0DE60AA4-D6DB-4F7B-B3E4-852BB5DB51D2}.Debug|x64.ActiveCfg = Debug|Any CPU
		{0DE60AA4-D6DB-4F7B-B3E4-852BB5DB51D2}.Debug|x64.Build.0 = Debug|Any CPU
		{0DE60AA4-D6DB-4F7B-B3E4-852BB5DB51D2}.Debug|x86.ActiveCfg = Debug|Any CPU
		{0DE60AA4-D6DB-4F7B-B3E4-852BB5DB51D2}.Debug|x86.Build.0 = Debug|Any CPU
		{0DE60AA4-D6DB-4F7B-B3E4-852BB5DB51D2}.Release|Any CPU.ActiveCfg = Release|Any CPU
		{0DE60AA4-D6DB-4F7B-B3E4-852BB5DB51D2}.Release|Any CPU.Build.0 = Release|Any CPU
		{0DE60AA4-D6DB-4F7B-B3E4-852BB5DB51D2}.Release|x64.ActiveCfg = Release|Any CPU
		{0DE60AA4-D6DB-4F7B-B3E4-852BB5DB51D2}.Release|x64.Build.0 = Release|Any CPU
		{0DE60AA4-D6DB-4F7B-B3E4-852BB5DB51D2}.Release|x86.ActiveCfg = Release|Any CPU
		{0DE60AA4-D6DB-4F7B-B3E4-852BB5DB51D2}.Release|x86.Build.0 = Release|Any CPU
		{74F955B6-7D25-4A4F-B834-D5168F1B69F7}.Debug|Any CPU.ActiveCfg = Debug|Any CPU
		{74F955B6-7D25-4A4F-B834-D5168F1B69F7}.Debug|Any CPU.Build.0 = Debug|Any CPU
		{74F955B6-7D25-4A4F-B834-D5168F1B69F7}.Debug|x64.ActiveCfg = Debug|Any CPU
		{74F955B6-7D25-4A4F-B834-D5168F1B69F7}.Debug|x64.Build.0 = Debug|Any CPU
		{74F955B6-7D25-4A4F-B834-D5168F1B69F7}.Debug|x86.ActiveCfg = Debug|Any CPU
		{74F955B6-7D25-4A4F-B834-D5168F1B69F7}.Debug|x86.Build.0 = Debug|Any CPU
		{74F955B6-7D25-4A4F-B834-D5168F1B69F7}.Release|Any CPU.ActiveCfg = Release|Any CPU
		{74F955B6-7D25-4A4F-B834-D5168F1B69F7}.Release|Any CPU.Build.0 = Release|Any CPU
		{74F955B6-7D25-4A4F-B834-D5168F1B69F7}.Release|x64.ActiveCfg = Release|Any CPU
		{74F955B6-7D25-4A4F-B834-D5168F1B69F7}.Release|x64.Build.0 = Release|Any CPU
		{74F955B6-7D25-4A4F-B834-D5168F1B69F7}.Release|x86.ActiveCfg = Release|Any CPU
		{74F955B6-7D25-4A4F-B834-D5168F1B69F7}.Release|x86.Build.0 = Release|Any CPU
		{B954529C-2C5B-489E-9F7E-C54C5B891CB2}.Debug|Any CPU.ActiveCfg = Debug|Any CPU
		{B954529C-2C5B-489E-9F7E-C54C5B891CB2}.Debug|Any CPU.Build.0 = Debug|Any CPU
		{B954529C-2C5B-489E-9F7E-C54C5B891CB2}.Debug|x64.ActiveCfg = Debug|Any CPU
		{B954529C-2C5B-489E-9F7E-C54C5B891CB2}.Debug|x64.Build.0 = Debug|Any CPU
		{B954529C-2C5B-489E-9F7E-C54C5B891CB2}.Debug|x86.ActiveCfg = Debug|Any CPU
		{B954529C-2C5B-489E-9F7E-C54C5B891CB2}.Debug|x86.Build.0 = Debug|Any CPU
		{B954529C-2C5B-489E-9F7E-C54C5B891CB2}.Release|Any CPU.ActiveCfg = Release|Any CPU
		{B954529C-2C5B-489E-9F7E-C54C5B891CB2}.Release|Any CPU.Build.0 = Release|Any CPU
		{B954529C-2C5B-489E-9F7E-C54C5B891CB2}.Release|x64.ActiveCfg = Release|Any CPU
		{B954529C-2C5B-489E-9F7E-C54C5B891CB2}.Release|x64.Build.0 = Release|Any CPU
		{B954529C-2C5B-489E-9F7E-C54C5B891CB2}.Release|x86.ActiveCfg = Release|Any CPU
		{B954529C-2C5B-489E-9F7E-C54C5B891CB2}.Release|x86.Build.0 = Release|Any CPU
		{6C7ED970-CD0E-4633-9BD9-004FE28F1B37}.Debug|Any CPU.ActiveCfg = Debug|Any CPU
		{6C7ED970-CD0E-4633-9BD9-004FE28F1B37}.Debug|Any CPU.Build.0 = Debug|Any CPU
		{6C7ED970-CD0E-4633-9BD9-004FE28F1B37}.Debug|x64.ActiveCfg = Debug|Any CPU
		{6C7ED970-CD0E-4633-9BD9-004FE28F1B37}.Debug|x64.Build.0 = Debug|Any CPU
		{6C7ED970-CD0E-4633-9BD9-004FE28F1B37}.Debug|x86.ActiveCfg = Debug|Any CPU
		{6C7ED970-CD0E-4633-9BD9-004FE28F1B37}.Debug|x86.Build.0 = Debug|Any CPU
		{6C7ED970-CD0E-4633-9BD9-004FE28F1B37}.Release|Any CPU.ActiveCfg = Release|Any CPU
		{6C7ED970-CD0E-4633-9BD9-004FE28F1B37}.Release|Any CPU.Build.0 = Release|Any CPU
		{6C7ED970-CD0E-4633-9BD9-004FE28F1B37}.Release|x64.ActiveCfg = Release|Any CPU
		{6C7ED970-CD0E-4633-9BD9-004FE28F1B37}.Release|x64.Build.0 = Release|Any CPU
		{6C7ED970-CD0E-4633-9BD9-004FE28F1B37}.Release|x86.ActiveCfg = Release|Any CPU
		{6C7ED970-CD0E-4633-9BD9-004FE28F1B37}.Release|x86.Build.0 = Release|Any CPU
		{BC9CC065-46C6-4F6B-ABBE-05EA2F463895}.Debug|Any CPU.ActiveCfg = Debug|Any CPU
		{BC9CC065-46C6-4F6B-ABBE-05EA2F463895}.Debug|Any CPU.Build.0 = Debug|Any CPU
		{BC9CC065-46C6-4F6B-ABBE-05EA2F463895}.Debug|x64.ActiveCfg = Debug|Any CPU
		{BC9CC065-46C6-4F6B-ABBE-05EA2F463895}.Debug|x64.Build.0 = Debug|Any CPU
		{BC9CC065-46C6-4F6B-ABBE-05EA2F463895}.Debug|x86.ActiveCfg = Debug|Any CPU
		{BC9CC065-46C6-4F6B-ABBE-05EA2F463895}.Debug|x86.Build.0 = Debug|Any CPU
		{BC9CC065-46C6-4F6B-ABBE-05EA2F463895}.Release|Any CPU.ActiveCfg = Release|Any CPU
		{BC9CC065-46C6-4F6B-ABBE-05EA2F463895}.Release|Any CPU.Build.0 = Release|Any CPU
		{BC9CC065-46C6-4F6B-ABBE-05EA2F463895}.Release|x64.ActiveCfg = Release|Any CPU
		{BC9CC065-46C6-4F6B-ABBE-05EA2F463895}.Release|x64.Build.0 = Release|Any CPU
		{BC9CC065-46C6-4F6B-ABBE-05EA2F463895}.Release|x86.ActiveCfg = Release|Any CPU
		{BC9CC065-46C6-4F6B-ABBE-05EA2F463895}.Release|x86.Build.0 = Release|Any CPU
	EndGlobalSection
	GlobalSection(SolutionProperties) = preSolution
		HideSolutionNode = FALSE
	EndGlobalSection
EndGlobal
